// !$*UTF8*$!
{
	archiveVersion = 1;
	classes = {
	};
	objectVersion = 50;
	objects = {

/* Begin PBXBuildFile section */
		3A6E54CD176FD754E60A530C /* Pods_MultiTabDeo.framework in Frameworks */ = {isa = PBXBuildFile; fileRef = 1BCC61C7BB2DA22213B33B05 /* Pods_MultiTabDeo.framework */; };
		D01847D22140CA350048718A /* HomePageConfig.swift in Sources */ = {isa = PBXBuildFile; fileRef = D01847C82140CA350048718A /* HomePageConfig.swift */; };
		D01847D32140CA350048718A /* HomePageViewController+CallBack.swift in Sources */ = {isa = PBXBuildFile; fileRef = D01847CA2140CA350048718A /* HomePageViewController+CallBack.swift */; };
		D01847D42140CA350048718A /* HomePageViewController.swift in Sources */ = {isa = PBXBuildFile; fileRef = D01847CB2140CA350048718A /* HomePageViewController.swift */; };
		D01847D52140CA350048718A /* HomePageViewController+delegate.swift in Sources */ = {isa = PBXBuildFile; fileRef = D01847CC2140CA350048718A /* HomePageViewController+delegate.swift */; };
		D01847D62140CA350048718A /* HomeSubViewController.swift in Sources */ = {isa = PBXBuildFile; fileRef = D01847CD2140CA350048718A /* HomeSubViewController.swift */; };
		D01847D72140CA350048718A /* HomeSubViewController.xib in Resources */ = {isa = PBXBuildFile; fileRef = D01847CE2140CA350048718A /* HomeSubViewController.xib */; };
		D01847D82140CA350048718A /* HomeScrollMenuView.swift in Sources */ = {isa = PBXBuildFile; fileRef = D01847D02140CA350048718A /* HomeScrollMenuView.swift */; };
		D01847D92140CA350048718A /* HomeTopContainerView.swift in Sources */ = {isa = PBXBuildFile; fileRef = D01847D12140CA350048718A /* HomeTopContainerView.swift */; };
		D0D6A04B213EBCA700E5E0E4 /* AppDelegate.swift in Sources */ = {isa = PBXBuildFile; fileRef = D0D6A04A213EBCA700E5E0E4 /* AppDelegate.swift */; };
		D0D6A04D213EBCA700E5E0E4 /* ViewController.swift in Sources */ = {isa = PBXBuildFile; fileRef = D0D6A04C213EBCA700E5E0E4 /* ViewController.swift */; };
		D0D6A050213EBCA700E5E0E4 /* Main.storyboard in Resources */ = {isa = PBXBuildFile; fileRef = D0D6A04E213EBCA700E5E0E4 /* Main.storyboard */; };
		D0D6A052213EBCA900E5E0E4 /* Assets.xcassets in Resources */ = {isa = PBXBuildFile; fileRef = D0D6A051213EBCA900E5E0E4 /* Assets.xcassets */; };
		D0D6A055213EBCA900E5E0E4 /* LaunchScreen.storyboard in Resources */ = {isa = PBXBuildFile; fileRef = D0D6A053213EBCA900E5E0E4 /* LaunchScreen.storyboard */; };
		D0D6A060213EBCA900E5E0E4 /* MultiTabDeoTests.swift in Sources */ = {isa = PBXBuildFile; fileRef = D0D6A05F213EBCA900E5E0E4 /* MultiTabDeoTests.swift */; };
		D0D6A06B213EBCAA00E5E0E4 /* MultiTabDeoUITests.swift in Sources */ = {isa = PBXBuildFile; fileRef = D0D6A06A213EBCAA00E5E0E4 /* MultiTabDeoUITests.swift */; };
/* End PBXBuildFile section */

/* Begin PBXContainerItemProxy section */
		D0D6A05C213EBCA900E5E0E4 /* PBXContainerItemProxy */ = {
			isa = PBXContainerItemProxy;
			containerPortal = D0D6A03F213EBCA700E5E0E4 /* Project object */;
			proxyType = 1;
			remoteGlobalIDString = D0D6A046213EBCA700E5E0E4;
			remoteInfo = MultiTabDeo;
		};
		D0D6A067213EBCAA00E5E0E4 /* PBXContainerItemProxy */ = {
			isa = PBXContainerItemProxy;
			containerPortal = D0D6A03F213EBCA700E5E0E4 /* Project object */;
			proxyType = 1;
			remoteGlobalIDString = D0D6A046213EBCA700E5E0E4;
			remoteInfo = MultiTabDeo;
		};
/* End PBXContainerItemProxy section */

/* Begin PBXFileReference section */
		1A8C79E6003C2951C4E14B8B /* Pods-MultiTabDeo.release.xcconfig */ = {isa = PBXFileReference; includeInIndex = 1; lastKnownFileType = text.xcconfig; name = "Pods-MultiTabDeo.release.xcconfig"; path = "Pods/Target Support Files/Pods-MultiTabDeo/Pods-MultiTabDeo.release.xcconfig"; sourceTree = "<group>"; };
		1BCC61C7BB2DA22213B33B05 /* Pods_MultiTabDeo.framework */ = {isa = PBXFileReference; explicitFileType = wrapper.framework; includeInIndex = 0; path = Pods_MultiTabDeo.framework; sourceTree = BUILT_PRODUCTS_DIR; };
		771BDCC9C69ECEAC2183EB78 /* Pods-MultiTabDeo.debug.xcconfig */ = {isa = PBXFileReference; includeInIndex = 1; lastKnownFileType = text.xcconfig; name = "Pods-MultiTabDeo.debug.xcconfig"; path = "Pods/Target Support Files/Pods-MultiTabDeo/Pods-MultiTabDeo.debug.xcconfig"; sourceTree = "<group>"; };
		D01847C82140CA350048718A /* HomePageConfig.swift */ = {isa = PBXFileReference; fileEncoding = 4; lastKnownFileType = sourcecode.swift; path = HomePageConfig.swift; sourceTree = "<group>"; };
		D01847CA2140CA350048718A /* HomePageViewController+CallBack.swift */ = {isa = PBXFileReference; fileEncoding = 4; lastKnownFileType = sourcecode.swift; path = "HomePageViewController+CallBack.swift"; sourceTree = "<group>"; };
		D01847CB2140CA350048718A /* HomePageViewController.swift */ = {isa = PBXFileReference; fileEncoding = 4; lastKnownFileType = sourcecode.swift; path = HomePageViewController.swift; sourceTree = "<group>"; };
		D01847CC2140CA350048718A /* HomePageViewController+delegate.swift */ = {isa = PBXFileReference; fileEncoding = 4; lastKnownFileType = sourcecode.swift; path = "HomePageViewController+delegate.swift"; sourceTree = "<group>"; };
		D01847CD2140CA350048718A /* HomeSubViewController.swift */ = {isa = PBXFileReference; fileEncoding = 4; lastKnownFileType = sourcecode.swift; path = HomeSubViewController.swift; sourceTree = "<group>"; };
		D01847CE2140CA350048718A /* HomeSubViewController.xib */ = {isa = PBXFileReference; fileEncoding = 4; lastKnownFileType = file.xib; path = HomeSubViewController.xib; sourceTree = "<group>"; };
		D01847D02140CA350048718A /* HomeScrollMenuView.swift */ = {isa = PBXFileReference; fileEncoding = 4; lastKnownFileType = sourcecode.swift; path = HomeScrollMenuView.swift; sourceTree = "<group>"; };
		D01847D12140CA350048718A /* HomeTopContainerView.swift */ = {isa = PBXFileReference; fileEncoding = 4; lastKnownFileType = sourcecode.swift; path = HomeTopContainerView.swift; sourceTree = "<group>"; };
		D0D6A047213EBCA700E5E0E4 /* MultiTabDeo.app */ = {isa = PBXFileReference; explicitFileType = wrapper.application; includeInIndex = 0; path = MultiTabDeo.app; sourceTree = BUILT_PRODUCTS_DIR; };
		D0D6A04A213EBCA700E5E0E4 /* AppDelegate.swift */ = {isa = PBXFileReference; lastKnownFileType = sourcecode.swift; path = AppDelegate.swift; sourceTree = "<group>"; };
		D0D6A04C213EBCA700E5E0E4 /* ViewController.swift */ = {isa = PBXFileReference; lastKnownFileType = sourcecode.swift; path = ViewController.swift; sourceTree = "<group>"; };
		D0D6A04F213EBCA700E5E0E4 /* Base */ = {isa = PBXFileReference; lastKnownFileType = file.storyboard; name = Base; path = Base.lproj/Main.storyboard; sourceTree = "<group>"; };
		D0D6A051213EBCA900E5E0E4 /* Assets.xcassets */ = {isa = PBXFileReference; lastKnownFileType = folder.assetcatalog; path = Assets.xcassets; sourceTree = "<group>"; };
		D0D6A054213EBCA900E5E0E4 /* Base */ = {isa = PBXFileReference; lastKnownFileType = file.storyboard; name = Base; path = Base.lproj/LaunchScreen.storyboard; sourceTree = "<group>"; };
		D0D6A056213EBCA900E5E0E4 /* Info.plist */ = {isa = PBXFileReference; lastKnownFileType = text.plist.xml; path = Info.plist; sourceTree = "<group>"; };
		D0D6A05B213EBCA900E5E0E4 /* MultiTabDeoTests.xctest */ = {isa = PBXFileReference; explicitFileType = wrapper.cfbundle; includeInIndex = 0; path = MultiTabDeoTests.xctest; sourceTree = BUILT_PRODUCTS_DIR; };
		D0D6A05F213EBCA900E5E0E4 /* MultiTabDeoTests.swift */ = {isa = PBXFileReference; lastKnownFileType = sourcecode.swift; path = MultiTabDeoTests.swift; sourceTree = "<group>"; };
		D0D6A061213EBCAA00E5E0E4 /* Info.plist */ = {isa = PBXFileReference; lastKnownFileType = text.plist.xml; path = Info.plist; sourceTree = "<group>"; };
		D0D6A066213EBCAA00E5E0E4 /* MultiTabDeoUITests.xctest */ = {isa = PBXFileReference; explicitFileType = wrapper.cfbundle; includeInIndex = 0; path = MultiTabDeoUITests.xctest; sourceTree = BUILT_PRODUCTS_DIR; };
		D0D6A06A213EBCAA00E5E0E4 /* MultiTabDeoUITests.swift */ = {isa = PBXFileReference; lastKnownFileType = sourcecode.swift; path = MultiTabDeoUITests.swift; sourceTree = "<group>"; };
		D0D6A06C213EBCAA00E5E0E4 /* Info.plist */ = {isa = PBXFileReference; lastKnownFileType = text.plist.xml; path = Info.plist; sourceTree = "<group>"; };
/* End PBXFileReference section */

/* Begin PBXFrameworksBuildPhase section */
		D0D6A044213EBCA700E5E0E4 /* Frameworks */ = {
			isa = PBXFrameworksBuildPhase;
			buildActionMask = 2147483647;
			files = (
				3A6E54CD176FD754E60A530C /* Pods_MultiTabDeo.framework in Frameworks */,
			);
			runOnlyForDeploymentPostprocessing = 0;
		};
		D0D6A058213EBCA900E5E0E4 /* Frameworks */ = {
			isa = PBXFrameworksBuildPhase;
			buildActionMask = 2147483647;
			files = (
			);
			runOnlyForDeploymentPostprocessing = 0;
		};
		D0D6A063213EBCAA00E5E0E4 /* Frameworks */ = {
			isa = PBXFrameworksBuildPhase;
			buildActionMask = 2147483647;
			files = (
			);
			runOnlyForDeploymentPostprocessing = 0;
		};
/* End PBXFrameworksBuildPhase section */

/* Begin PBXGroup section */
		C5DA42D6E601F4B30A03CC7D /* Frameworks */ = {
			isa = PBXGroup;
			children = (
				1BCC61C7BB2DA22213B33B05 /* Pods_MultiTabDeo.framework */,
			);
			name = Frameworks;
			sourceTree = "<group>";
		};
		D01847C62140CA350048718A /* source */ = {
			isa = PBXGroup;
			children = (
				D01847C72140CA350048718A /* Config */,
				D01847C92140CA350048718A /* VC */,
				D01847CF2140CA350048718A /* View */,
			);
			path = source;
			sourceTree = "<group>";
		};
		D01847C72140CA350048718A /* Config */ = {
			isa = PBXGroup;
			children = (
				D01847C82140CA350048718A /* HomePageConfig.swift */,
			);
			path = Config;
			sourceTree = "<group>";
		};
		D01847C92140CA350048718A /* VC */ = {
			isa = PBXGroup;
			children = (
				D01847CA2140CA350048718A /* HomePageViewController+CallBack.swift */,
				D01847CB2140CA350048718A /* HomePageViewController.swift */,
				D01847CC2140CA350048718A /* HomePageViewController+delegate.swift */,
				D01847CD2140CA350048718A /* HomeSubViewController.swift */,
				D01847CE2140CA350048718A /* HomeSubViewController.xib */,
			);
			path = VC;
			sourceTree = "<group>";
		};
		D01847CF2140CA350048718A /* View */ = {
			isa = PBXGroup;
			children = (
				D01847D02140CA350048718A /* HomeScrollMenuView.swift */,
				D01847D12140CA350048718A /* HomeTopContainerView.swift */,
			);
			path = View;
			sourceTree = "<group>";
		};
		D0D6A03E213EBCA700E5E0E4 = {
			isa = PBXGroup;
			children = (
				D0D6A049213EBCA700E5E0E4 /* MultiTabDeo */,
				D0D6A05E213EBCA900E5E0E4 /* MultiTabDeoTests */,
				D0D6A069213EBCAA00E5E0E4 /* MultiTabDeoUITests */,
				D0D6A048213EBCA700E5E0E4 /* Products */,
				D372585A715A032828CD7DBB /* Pods */,
				C5DA42D6E601F4B30A03CC7D /* Frameworks */,
			);
			sourceTree = "<group>";
		};
		D0D6A048213EBCA700E5E0E4 /* Products */ = {
			isa = PBXGroup;
			children = (
				D0D6A047213EBCA700E5E0E4 /* MultiTabDeo.app */,
				D0D6A05B213EBCA900E5E0E4 /* MultiTabDeoTests.xctest */,
				D0D6A066213EBCAA00E5E0E4 /* MultiTabDeoUITests.xctest */,
			);
			name = Products;
			sourceTree = "<group>";
		};
		D0D6A049213EBCA700E5E0E4 /* MultiTabDeo */ = {
			isa = PBXGroup;
			children = (
				D01847C62140CA350048718A /* source */,
				D0D6A04A213EBCA700E5E0E4 /* AppDelegate.swift */,
				D0D6A04C213EBCA700E5E0E4 /* ViewController.swift */,
				D0D6A04E213EBCA700E5E0E4 /* Main.storyboard */,
				D0D6A051213EBCA900E5E0E4 /* Assets.xcassets */,
				D0D6A053213EBCA900E5E0E4 /* LaunchScreen.storyboard */,
				D0D6A056213EBCA900E5E0E4 /* Info.plist */,
			);
			path = MultiTabDeo;
			sourceTree = "<group>";
		};
		D0D6A05E213EBCA900E5E0E4 /* MultiTabDeoTests */ = {
			isa = PBXGroup;
			children = (
				D0D6A05F213EBCA900E5E0E4 /* MultiTabDeoTests.swift */,
				D0D6A061213EBCAA00E5E0E4 /* Info.plist */,
			);
			path = MultiTabDeoTests;
			sourceTree = "<group>";
		};
		D0D6A069213EBCAA00E5E0E4 /* MultiTabDeoUITests */ = {
			isa = PBXGroup;
			children = (
				D0D6A06A213EBCAA00E5E0E4 /* MultiTabDeoUITests.swift */,
				D0D6A06C213EBCAA00E5E0E4 /* Info.plist */,
			);
			path = MultiTabDeoUITests;
			sourceTree = "<group>";
		};
		D372585A715A032828CD7DBB /* Pods */ = {
			isa = PBXGroup;
			children = (
				771BDCC9C69ECEAC2183EB78 /* Pods-MultiTabDeo.debug.xcconfig */,
				1A8C79E6003C2951C4E14B8B /* Pods-MultiTabDeo.release.xcconfig */,
			);
			name = Pods;
			sourceTree = "<group>";
		};
/* End PBXGroup section */

/* Begin PBXNativeTarget section */
		D0D6A046213EBCA700E5E0E4 /* MultiTabDeo */ = {
			isa = PBXNativeTarget;
			buildConfigurationList = D0D6A06F213EBCAA00E5E0E4 /* Build configuration list for PBXNativeTarget "MultiTabDeo" */;
			buildPhases = (
				4B6F099144A672786E5C49EF /* [CP] Check Pods Manifest.lock */,
				D0D6A043213EBCA700E5E0E4 /* Sources */,
				D0D6A044213EBCA700E5E0E4 /* Frameworks */,
				D0D6A045213EBCA700E5E0E4 /* Resources */,
				829A4300B3A4EBA436E8FCC5 /* [CP] Embed Pods Frameworks */,
			);
			buildRules = (
			);
			dependencies = (
			);
			name = MultiTabDeo;
			productName = MultiTabDeo;
			productReference = D0D6A047213EBCA700E5E0E4 /* MultiTabDeo.app */;
			productType = "com.apple.product-type.application";
		};
		D0D6A05A213EBCA900E5E0E4 /* MultiTabDeoTests */ = {
			isa = PBXNativeTarget;
			buildConfigurationList = D0D6A072213EBCAA00E5E0E4 /* Build configuration list for PBXNativeTarget "MultiTabDeoTests" */;
			buildPhases = (
				D0D6A057213EBCA900E5E0E4 /* Sources */,
				D0D6A058213EBCA900E5E0E4 /* Frameworks */,
				D0D6A059213EBCA900E5E0E4 /* Resources */,
			);
			buildRules = (
			);
			dependencies = (
				D0D6A05D213EBCA900E5E0E4 /* PBXTargetDependency */,
			);
			name = MultiTabDeoTests;
			productName = MultiTabDeoTests;
			productReference = D0D6A05B213EBCA900E5E0E4 /* MultiTabDeoTests.xctest */;
			productType = "com.apple.product-type.bundle.unit-test";
		};
		D0D6A065213EBCAA00E5E0E4 /* MultiTabDeoUITests */ = {
			isa = PBXNativeTarget;
			buildConfigurationList = D0D6A075213EBCAA00E5E0E4 /* Build configuration list for PBXNativeTarget "MultiTabDeoUITests" */;
			buildPhases = (
				D0D6A062213EBCAA00E5E0E4 /* Sources */,
				D0D6A063213EBCAA00E5E0E4 /* Frameworks */,
				D0D6A064213EBCAA00E5E0E4 /* Resources */,
			);
			buildRules = (
			);
			dependencies = (
				D0D6A068213EBCAA00E5E0E4 /* PBXTargetDependency */,
			);
			name = MultiTabDeoUITests;
			productName = MultiTabDeoUITests;
			productReference = D0D6A066213EBCAA00E5E0E4 /* MultiTabDeoUITests.xctest */;
			productType = "com.apple.product-type.bundle.ui-testing";
		};
/* End PBXNativeTarget section */

/* Begin PBXProject section */
		D0D6A03F213EBCA700E5E0E4 /* Project object */ = {
			isa = PBXProject;
			attributes = {
				LastSwiftUpdateCheck = 0940;
				LastUpgradeCheck = 0940;
				ORGANIZATIONNAME = "演兽";
				TargetAttributes = {
					D0D6A046213EBCA700E5E0E4 = {
						CreatedOnToolsVersion = 9.4;
					};
					D0D6A05A213EBCA900E5E0E4 = {
						CreatedOnToolsVersion = 9.4;
						TestTargetID = D0D6A046213EBCA700E5E0E4;
					};
					D0D6A065213EBCAA00E5E0E4 = {
						CreatedOnToolsVersion = 9.4;
						TestTargetID = D0D6A046213EBCA700E5E0E4;
					};
				};
			};
			buildConfigurationList = D0D6A042213EBCA700E5E0E4 /* Build configuration list for PBXProject "MultiTabDeo" */;
			compatibilityVersion = "Xcode 9.3";
			developmentRegion = en;
			hasScannedForEncodings = 0;
			knownRegions = (
				en,
				Base,
			);
			mainGroup = D0D6A03E213EBCA700E5E0E4;
			productRefGroup = D0D6A048213EBCA700E5E0E4 /* Products */;
			projectDirPath = "";
			projectRoot = "";
			targets = (
				D0D6A046213EBCA700E5E0E4 /* MultiTabDeo */,
				D0D6A05A213EBCA900E5E0E4 /* MultiTabDeoTests */,
				D0D6A065213EBCAA00E5E0E4 /* MultiTabDeoUITests */,
			);
		};
/* End PBXProject section */

/* Begin PBXResourcesBuildPhase section */
		D0D6A045213EBCA700E5E0E4 /* Resources */ = {
			isa = PBXResourcesBuildPhase;
			buildActionMask = 2147483647;
			files = (
				D01847D72140CA350048718A /* HomeSubViewController.xib in Resources */,
				D0D6A055213EBCA900E5E0E4 /* LaunchScreen.storyboard in Resources */,
				D0D6A052213EBCA900E5E0E4 /* Assets.xcassets in Resources */,
				D0D6A050213EBCA700E5E0E4 /* Main.storyboard in Resources */,
			);
			runOnlyForDeploymentPostprocessing = 0;
		};
		D0D6A059213EBCA900E5E0E4 /* Resources */ = {
			isa = PBXResourcesBuildPhase;
			buildActionMask = 2147483647;
			files = (
			);
			runOnlyForDeploymentPostprocessing = 0;
		};
		D0D6A064213EBCAA00E5E0E4 /* Resources */ = {
			isa = PBXResourcesBuildPhase;
			buildActionMask = 2147483647;
			files = (
			);
			runOnlyForDeploymentPostprocessing = 0;
		};
/* End PBXResourcesBuildPhase section */

/* Begin PBXShellScriptBuildPhase section */
		4B6F099144A672786E5C49EF /* [CP] Check Pods Manifest.lock */ = {
			isa = PBXShellScriptBuildPhase;
			buildActionMask = 2147483647;
			files = (
			);
			inputPaths = (
				"${PODS_PODFILE_DIR_PATH}/Podfile.lock",
				"${PODS_ROOT}/Manifest.lock",
			);
			name = "[CP] Check Pods Manifest.lock";
			outputPaths = (
				"$(DERIVED_FILE_DIR)/Pods-MultiTabDeo-checkManifestLockResult.txt",
			);
			runOnlyForDeploymentPostprocessing = 0;
			shellPath = /bin/sh;
			shellScript = "diff \"${PODS_PODFILE_DIR_PATH}/Podfile.lock\" \"${PODS_ROOT}/Manifest.lock\" > /dev/null\nif [ $? != 0 ] ; then\n    # print error to STDERR\n    echo \"error: The sandbox is not in sync with the Podfile.lock. Run 'pod install' or update your CocoaPods installation.\" >&2\n    exit 1\nfi\n# This output is used by Xcode 'outputs' to avoid re-running this script phase.\necho \"SUCCESS\" > \"${SCRIPT_OUTPUT_FILE_0}\"\n";
			showEnvVarsInLog = 0;
		};
		829A4300B3A4EBA436E8FCC5 /* [CP] Embed Pods Frameworks */ = {
			isa = PBXShellScriptBuildPhase;
			buildActionMask = 2147483647;
			files = (
			);
			inputPaths = (
				"${SRCROOT}/Pods/Target Support Files/Pods-MultiTabDeo/Pods-MultiTabDeo-frameworks.sh",
				"${BUILT_PRODUCTS_DIR}/MJRefresh/MJRefresh.framework",
			);
			name = "[CP] Embed Pods Frameworks";
			outputPaths = (
				"${TARGET_BUILD_DIR}/${FRAMEWORKS_FOLDER_PATH}/MJRefresh.framework",
			);
			runOnlyForDeploymentPostprocessing = 0;
			shellPath = /bin/sh;
			shellScript = "\"${SRCROOT}/Pods/Target Support Files/Pods-MultiTabDeo/Pods-MultiTabDeo-frameworks.sh\"\n";
			showEnvVarsInLog = 0;
		};
/* End PBXShellScriptBuildPhase section */

/* Begin PBXSourcesBuildPhase section */
		D0D6A043213EBCA700E5E0E4 /* Sources */ = {
			isa = PBXSourcesBuildPhase;
			buildActionMask = 2147483647;
			files = (
				D01847D62140CA350048718A /* HomeSubViewController.swift in Sources */,
				D0D6A04D213EBCA700E5E0E4 /* ViewController.swift in Sources */,
				D01847D52140CA350048718A /* HomePageViewController+delegate.swift in Sources */,
				D01847D82140CA350048718A /* HomeScrollMenuView.swift in Sources */,
				D01847D32140CA350048718A /* HomePageViewController+CallBack.swift in Sources */,
				D01847D22140CA350048718A /* HomePageConfig.swift in Sources */,
				D01847D42140CA350048718A /* HomePageViewController.swift in Sources */,
				D0D6A04B213EBCA700E5E0E4 /* AppDelegate.swift in Sources */,
				D01847D92140CA350048718A /* HomeTopContainerView.swift in Sources */,
			);
			runOnlyForDeploymentPostprocessing = 0;
		};
		D0D6A057213EBCA900E5E0E4 /* Sources */ = {
			isa = PBXSourcesBuildPhase;
			buildActionMask = 2147483647;
			files = (
				D0D6A060213EBCA900E5E0E4 /* MultiTabDeoTests.swift in Sources */,
			);
			runOnlyForDeploymentPostprocessing = 0;
		};
		D0D6A062213EBCAA00E5E0E4 /* Sources */ = {
			isa = PBXSourcesBuildPhase;
			buildActionMask = 2147483647;
			files = (
				D0D6A06B213EBCAA00E5E0E4 /* MultiTabDeoUITests.swift in Sources */,
			);
			runOnlyForDeploymentPostprocessing = 0;
		};
/* End PBXSourcesBuildPhase section */

/* Begin PBXTargetDependency section */
		D0D6A05D213EBCA900E5E0E4 /* PBXTargetDependency */ = {
			isa = PBXTargetDependency;
			target = D0D6A046213EBCA700E5E0E4 /* MultiTabDeo */;
			targetProxy = D0D6A05C213EBCA900E5E0E4 /* PBXContainerItemProxy */;
		};
		D0D6A068213EBCAA00E5E0E4 /* PBXTargetDependency */ = {
			isa = PBXTargetDependency;
			target = D0D6A046213EBCA700E5E0E4 /* MultiTabDeo */;
			targetProxy = D0D6A067213EBCAA00E5E0E4 /* PBXContainerItemProxy */;
		};
/* End PBXTargetDependency section */

/* Begin PBXVariantGroup section */
		D0D6A04E213EBCA700E5E0E4 /* Main.storyboard */ = {
			isa = PBXVariantGroup;
			children = (
				D0D6A04F213EBCA700E5E0E4 /* Base */,
			);
			name = Main.storyboard;
			sourceTree = "<group>";
		};
		D0D6A053213EBCA900E5E0E4 /* LaunchScreen.storyboard */ = {
			isa = PBXVariantGroup;
			children = (
				D0D6A054213EBCA900E5E0E4 /* Base */,
			);
			name = LaunchScreen.storyboard;
			sourceTree = "<group>";
		};
/* End PBXVariantGroup section */

/* Begin XCBuildConfiguration section */
		D0D6A06D213EBCAA00E5E0E4 /* Debug */ = {
			isa = XCBuildConfiguration;
			buildSettings = {
				ALWAYS_SEARCH_USER_PATHS = NO;
				CLANG_ANALYZER_NONNULL = YES;
				CLANG_ANALYZER_NUMBER_OBJECT_CONVERSION = YES_AGGRESSIVE;
				CLANG_CXX_LANGUAGE_STANDARD = "gnu++14";
				CLANG_CXX_LIBRARY = "libc++";
				CLANG_ENABLE_MODULES = YES;
				CLANG_ENABLE_OBJC_ARC = YES;
				CLANG_ENABLE_OBJC_WEAK = YES;
				CLANG_WARN_BLOCK_CAPTURE_AUTORELEASING = YES;
				CLANG_WARN_BOOL_CONVERSION = YES;
				CLANG_WARN_COMMA = YES;
				CLANG_WARN_CONSTANT_CONVERSION = YES;
				CLANG_WARN_DEPRECATED_OBJC_IMPLEMENTATIONS = YES;
				CLANG_WARN_DIRECT_OBJC_ISA_USAGE = YES_ERROR;
				CLANG_WARN_DOCUMENTATION_COMMENTS = YES;
				CLANG_WARN_EMPTY_BODY = YES;
				CLANG_WARN_ENUM_CONVERSION = YES;
				CLANG_WARN_INFINITE_RECURSION = YES;
				CLANG_WARN_INT_CONVERSION = YES;
				CLANG_WARN_NON_LITERAL_NULL_CONVERSION = YES;
				CLANG_WARN_OBJC_IMPLICIT_RETAIN_SELF = YES;
				CLANG_WARN_OBJC_LITERAL_CONVERSION = YES;
				CLANG_WARN_OBJC_ROOT_CLASS = YES_ERROR;
				CLANG_WARN_RANGE_LOOP_ANALYSIS = YES;
				CLANG_WARN_STRICT_PROTOTYPES = YES;
				CLANG_WARN_SUSPICIOUS_MOVE = YES;
				CLANG_WARN_UNGUARDED_AVAILABILITY = YES_AGGRESSIVE;
				CLANG_WARN_UNREACHABLE_CODE = YES;
				CLANG_WARN__DUPLICATE_METHOD_MATCH = YES;
				CODE_SIGN_IDENTITY = "iPhone Developer";
				COPY_PHASE_STRIP = NO;
				DEBUG_INFORMATION_FORMAT = dwarf;
				ENABLE_STRICT_OBJC_MSGSEND = YES;
				ENABLE_TESTABILITY = YES;
				GCC_C_LANGUAGE_STANDARD = gnu11;
				GCC_DYNAMIC_NO_PIC = NO;
				GCC_NO_COMMON_BLOCKS = YES;
				GCC_OPTIMIZATION_LEVEL = 0;
				GCC_PREPROCESSOR_DEFINITIONS = (
					"DEBUG=1",
					"$(inherited)",
				);
				GCC_WARN_64_TO_32_BIT_CONVERSION = YES;
				GCC_WARN_ABOUT_RETURN_TYPE = YES_ERROR;
				GCC_WARN_UNDECLARED_SELECTOR = YES;
				GCC_WARN_UNINITIALIZED_AUTOS = YES_AGGRESSIVE;
				GCC_WARN_UNUSED_FUNCTION = YES;
				GCC_WARN_UNUSED_VARIABLE = YES;
				IPHONEOS_DEPLOYMENT_TARGET = 11.4;
				MTL_ENABLE_DEBUG_INFO = YES;
				ONLY_ACTIVE_ARCH = YES;
				SDKROOT = iphoneos;
				SWIFT_ACTIVE_COMPILATION_CONDITIONS = DEBUG;
				SWIFT_OPTIMIZATION_LEVEL = "-Onone";
			};
			name = Debug;
		};
		D0D6A06E213EBCAA00E5E0E4 /* Release */ = {
			isa = XCBuildConfiguration;
			buildSettings = {
				ALWAYS_SEARCH_USER_PATHS = NO;
				CLANG_ANALYZER_NONNULL = YES;
				CLANG_ANALYZER_NUMBER_OBJECT_CONVERSION = YES_AGGRESSIVE;
				CLANG_CXX_LANGUAGE_STANDARD = "gnu++14";
				CLANG_CXX_LIBRARY = "libc++";
				CLANG_ENABLE_MODULES = YES;
				CLANG_ENABLE_OBJC_ARC = YES;
				CLANG_ENABLE_OBJC_WEAK = YES;
				CLANG_WARN_BLOCK_CAPTURE_AUTORELEASING = YES;
				CLANG_WARN_BOOL_CONVERSION = YES;
				CLANG_WARN_COMMA = YES;
				CLANG_WARN_CONSTANT_CONVERSION = YES;
				CLANG_WARN_DEPRECATED_OBJC_IMPLEMENTATIONS = YES;
				CLANG_WARN_DIRECT_OBJC_ISA_USAGE = YES_ERROR;
				CLANG_WARN_DOCUMENTATION_COMMENTS = YES;
				CLANG_WARN_EMPTY_BODY = YES;
				CLANG_WARN_ENUM_CONVERSION = YES;
				CLANG_WARN_INFINITE_RECURSION = YES;
				CLANG_WARN_INT_CONVERSION = YES;
				CLANG_WARN_NON_LITERAL_NULL_CONVERSION = YES;
				CLANG_WARN_OBJC_IMPLICIT_RETAIN_SELF = YES;
				CLANG_WARN_OBJC_LITERAL_CONVERSION = YES;
				CLANG_WARN_OBJC_ROOT_CLASS = YES_ERROR;
				CLANG_WARN_RANGE_LOOP_ANALYSIS = YES;
				CLANG_WARN_STRICT_PROTOTYPES = YES;
				CLANG_WARN_SUSPICIOUS_MOVE = YES;
				CLANG_WARN_UNGUARDED_AVAILABILITY = YES_AGGRESSIVE;
				CLANG_WARN_UNREACHABLE_CODE = YES;
				CLANG_WARN__DUPLICATE_METHOD_MATCH = YES;
				CODE_SIGN_IDENTITY = "iPhone Developer";
				COPY_PHASE_STRIP = NO;
				DEBUG_INFORMATION_FORMAT = "dwarf-with-dsym";
				ENABLE_NS_ASSERTIONS = NO;
				ENABLE_STRICT_OBJC_MSGSEND = YES;
				GCC_C_LANGUAGE_STANDARD = gnu11;
				GCC_NO_COMMON_BLOCKS = YES;
				GCC_WARN_64_TO_32_BIT_CONVERSION = YES;
				GCC_WARN_ABOUT_RETURN_TYPE = YES_ERROR;
				GCC_WARN_UNDECLARED_SELECTOR = YES;
				GCC_WARN_UNINITIALIZED_AUTOS = YES_AGGRESSIVE;
				GCC_WARN_UNUSED_FUNCTION = YES;
				GCC_WARN_UNUSED_VARIABLE = YES;
				IPHONEOS_DEPLOYMENT_TARGET = 11.4;
				MTL_ENABLE_DEBUG_INFO = NO;
				SDKROOT = iphoneos;
				SWIFT_COMPILATION_MODE = wholemodule;
				SWIFT_OPTIMIZATION_LEVEL = "-O";
				VALIDATE_PRODUCT = YES;
			};
			name = Release;
		};
		D0D6A070213EBCAA00E5E0E4 /* Debug */ = {
			isa = XCBuildConfiguration;
			baseConfigurationReference = 771BDCC9C69ECEAC2183EB78 /* Pods-MultiTabDeo.debug.xcconfig */;
			buildSettings = {
				ASSETCATALOG_COMPILER_APPICON_NAME = AppIcon;
				CODE_SIGN_STYLE = Automatic;
				DEVELOPMENT_TEAM = 2KN56V3WQ6;
				INFOPLIST_FILE = MultiTabDeo/Info.plist;
				LD_RUNPATH_SEARCH_PATHS = (
					"$(inherited)",
					"@executable_path/Frameworks",
				);
				PRODUCT_BUNDLE_IDENTIFIER = com.guo.MultiTabDeo;
				PRODUCT_NAME = "$(TARGET_NAME)";
				SWIFT_VERSION = 4.0;
				TARGETED_DEVICE_FAMILY = "1,2";
			};
			name = Debug;
		};
		D0D6A071213EBCAA00E5E0E4 /* Release */ = {
			isa = XCBuildConfiguration;
			baseConfigurationReference = 1A8C79E6003C2951C4E14B8B /* Pods-MultiTabDeo.release.xcconfig */;
			buildSettings = {
				ASSETCATALOG_COMPILER_APPICON_NAME = AppIcon;
				CODE_SIGN_STYLE = Automatic;
				DEVELOPMENT_TEAM = 2KN56V3WQ6;
				INFOPLIST_FILE = MultiTabDeo/Info.plist;
				LD_RUNPATH_SEARCH_PATHS = (
					"$(inherited)",
					"@executable_path/Frameworks",
				);
				PRODUCT_BUNDLE_IDENTIFIER = com.guo.MultiTabDeo;
				PRODUCT_NAME = "$(TARGET_NAME)";
				SWIFT_VERSION = 4.0;
				TARGETED_DEVICE_FAMILY = "1,2";
			};
			name = Release;
		};
		D0D6A073213EBCAA00E5E0E4 /* Debug */ = {
			isa = XCBuildConfiguration;
			buildSettings = {
				ALWAYS_EMBED_SWIFT_STANDARD_LIBRARIES = YES;
				BUNDLE_LOADER = "$(TEST_HOST)";
				CODE_SIGN_STYLE = Automatic;
				INFOPLIST_FILE = MultiTabDeoTests/Info.plist;
				LD_RUNPATH_SEARCH_PATHS = (
					"$(inherited)",
					"@executable_path/Frameworks",
					"@loader_path/Frameworks",
				);
				PRODUCT_BUNDLE_IDENTIFIER = com.guo.MultiTabDeoTests;
				PRODUCT_NAME = "$(TARGET_NAME)";
				SWIFT_VERSION = 4.0;
				TARGETED_DEVICE_FAMILY = "1,2";
				TEST_HOST = "$(BUILT_PRODUCTS_DIR)/MultiTabDeo.app/MultiTabDeo";
			};
			name = Debug;
		};
		D0D6A074213EBCAA00E5E0E4 /* Release */ = {
			isa = XCBuildConfiguration;
			buildSettings = {
				ALWAYS_EMBED_SWIFT_STANDARD_LIBRARIES = YES;
				BUNDLE_LOADER = "$(TEST_HOST)";
				CODE_SIGN_STYLE = Automatic;
				INFOPLIST_FILE = MultiTabDeoTests/Info.plist;
				LD_RUNPATH_SEARCH_PATHS = (
					"$(inherited)",
					"@executable_path/Frameworks",
					"@loader_path/Frameworks",
				);
				PRODUCT_BUNDLE_IDENTIFIER = com.guo.MultiTabDeoTests;
				PRODUCT_NAME = "$(TARGET_NAME)";
				SWIFT_VERSION = 4.0;
				TARGETED_DEVICE_FAMILY = "1,2";
				TEST_HOST = "$(BUILT_PRODUCTS_DIR)/MultiTabDeo.app/MultiTabDeo";
			};
			name = Release;
		};
		D0D6A076213EBCAA00E5E0E4 /* Debug */ = {
			isa = XCBuildConfiguration;
			buildSettings = {
				ALWAYS_EMBED_SWIFT_STANDARD_LIBRARIES = YES;
				CODE_SIGN_STYLE = Automatic;
				INFOPLIST_FILE = MultiTabDeoUITests/Info.plist;
				LD_RUNPATH_SEARCH_PATHS = (
					"$(inherited)",
					"@executable_path/Frameworks",
					"@loader_path/Frameworks",
				);
				PRODUCT_BUNDLE_IDENTIFIER = com.guo.MultiTabDeoUITests;
				PRODUCT_NAME = "$(TARGET_NAME)";
				SWIFT_VERSION = 4.0;
				TARGETED_DEVICE_FAMILY = "1,2";
				TEST_TARGET_NAME = MultiTabDeo;
			};
			name = Debug;
		};
		D0D6A077213EBCAA00E5E0E4 /* Release */ = {
			isa = XCBuildConfiguration;
			buildSettings = {
				ALWAYS_EMBED_SWIFT_STANDARD_LIBRARIES = YES;
				CODE_SIGN_STYLE = Automatic;
				INFOPLIST_FILE = MultiTabDeoUITests/Info.plist;
				LD_RUNPATH_SEARCH_PATHS = (
					"$(inherited)",
					"@executable_path/Frameworks",
					"@loader_path/Frameworks",
				);
				PRODUCT_BUNDLE_IDENTIFIER = com.guo.MultiTabDeoUITests;
				PRODUCT_NAME = "$(TARGET_NAME)";
				SWIFT_VERSION = 4.0;
				TARGETED_DEVICE_FAMILY = "1,2";
				TEST_TARGET_NAME = MultiTabDeo;
			};
			name = Release;
		};
/* End XCBuildConfiguration section */

/* Begin XCConfigurationList section */
		D0D6A042213EBCA700E5E0E4 /* Build configuration list for PBXProject "MultiTabDeo" */ = {
			isa = XCConfigurationList;
			buildConfigurations = (
				D0D6A06D213EBCAA00E5E0E4 /* Debug */,
				D0D6A06E213EBCAA00E5E0E4 /* Release */,
			);
			defaultConfigurationIsVisible = 0;
			defaultConfigurationName = Release;
		};
		D0D6A06F213EBCAA00E5E0E4 /* Build configuration list for PBXNativeTarget "MultiTabDeo" */ = {
			isa = XCConfigurationList;
			buildConfigurations = (
				D0D6A070213EBCAA00E5E0E4 /* Debug */,
				D0D6A071213EBCAA00E5E0E4 /* Release */,
			);
			defaultConfigurationIsVisible = 0;
			defaultConfigurationName = Release;
		};
		D0D6A072213EBCAA00E5E0E4 /* Build configuration list for PBXNativeTarget "MultiTabDeoTests" */ = {
			isa = XCConfigurationList;
			buildConfigurations = (
				D0D6A073213EBCAA00E5E0E4 /* Debug */,
				D0D6A074213EBCAA00E5E0E4 /* Release */,
			);
			defaultConfigurationIsVisible = 0;
			defaultConfigurationName = Release;
		};
		D0D6A075213EBCAA00E5E0E4 /* Build configuration list for PBXNativeTarget "MultiTabDeoUITests" */ = {
			isa = XCConfigurationList;
			buildConfigurations = (
				D0D6A076213EBCAA00E5E0E4 /* Debug */,
				D0D6A077213EBCAA00E5E0E4 /* Release */,
			);
			defaultConfigurationIsVisible = 0;
			defaultConfigurationName = Release;
		};
/* End XCConfigurationList section */
	};
	rootObject = D0D6A03F213EBCA700E5E0E4 /* Project object */;
}
